# This file is generated by running "yarn install" inside your project.
# Manual changes might be lost - proceed with caution!

__metadata:
  version: 8
  cacheKey: 10c0

"@jridgewell/gen-mapping@npm:^0.3.5":
  version: 0.3.13
  resolution: "@jridgewell/gen-mapping@npm:0.3.13"
  dependencies:
    "@jridgewell/sourcemap-codec": "npm:^1.5.0"
    "@jridgewell/trace-mapping": "npm:^0.3.24"
  checksum: 10c0/9a7d65fb13bd9aec1fbab74cda08496839b7e2ceb31f5ab922b323e94d7c481ce0fc4fd7e12e2610915ed8af51178bdc61e168e92a8c8b8303b030b03489b13b
  languageName: node
  linkType: hard

"@jridgewell/resolve-uri@npm:^3.1.0":
  version: 3.1.2
  resolution: "@jridgewell/resolve-uri@npm:3.1.2"
  checksum: 10c0/d502e6fb516b35032331406d4e962c21fe77cdf1cbdb49c6142bcbd9e30507094b18972778a6e27cbad756209cfe34b1a27729e6fa08a2eb92b33943f680cf1e
  languageName: node
  linkType: hard

"@jridgewell/source-map@npm:^0.3.3":
  version: 0.3.11
  resolution: "@jridgewell/source-map@npm:0.3.11"
  dependencies:
    "@jridgewell/gen-mapping": "npm:^0.3.5"
    "@jridgewell/trace-mapping": "npm:^0.3.25"
  checksum: 10c0/50a4fdafe0b8f655cb2877e59fe81320272eaa4ccdbe6b9b87f10614b2220399ae3e05c16137a59db1f189523b42c7f88bd097ee991dbd7bc0e01113c583e844
  languageName: node
  linkType: hard

"@jridgewell/sourcemap-codec@npm:^1.4.14, @jridgewell/sourcemap-codec@npm:^1.5.0":
  version: 1.5.5
  resolution: "@jridgewell/sourcemap-codec@npm:1.5.5"
  checksum: 10c0/f9e538f302b63c0ebc06eecb1dd9918dd4289ed36147a0ddce35d6ea4d7ebbda243cda7b2213b6a5e1d8087a298d5cf630fb2bd39329cdecb82017023f6081a0
  languageName: node
  linkType: hard

"@jridgewell/trace-mapping@npm:^0.3.24, @jridgewell/trace-mapping@npm:^0.3.25":
  version: 0.3.31
  resolution: "@jridgewell/trace-mapping@npm:0.3.31"
  dependencies:
    "@jridgewell/resolve-uri": "npm:^3.1.0"
    "@jridgewell/sourcemap-codec": "npm:^1.4.14"
  checksum: 10c0/4b30ec8cd56c5fd9a661f088230af01e0c1a3888d11ffb6b47639700f71225be21d1f7e168048d6d4f9449207b978a235c07c8f15c07705685d16dc06280e9d9
  languageName: node
  linkType: hard

"acorn@npm:^8.15.0":
  version: 8.16.0
  resolution: "acorn@npm:8.16.0"
  bin:
    acorn: bin/acorn
  checksum: 10c0/c9c52697227661b68d0debaf972222d4f622aa06b185824164e153438afa7b08273432ca43ea792cadb24dada1d46f6f6bb1ef8de9956979288cc1b96bf9914e
  languageName: node
  linkType: hard

"buffer-from@npm:^1.0.0":
  version: 1.1.2
  resolution: "buffer-from@npm:1.1.2"
  checksum: 10c0/124fff9d66d691a86d3b062eff4663fe437a9d9ee4b47b1b9e97f5a5d14f6d5399345db80f796827be7c95e70a8e765dd404b7c3ff3b3324f98e9b0c8826cc34
  languageName: node
  linkType: hard

"commander@npm:^2.20.0":
  version: 2.20.3
  resolution: "commander@npm:2.20.3"
  checksum: 10c0/74c781a5248c2402a0a3e966a0a2bba3c054aad144f5c023364be83265e796b20565aa9feff624132ff629aa64e16999fa40a743c10c12f7c61e96a794b99288
  languageName: node
  linkType: hard

"floo-analytics@workspace:.":
  version: 0.0.0-use.local
  resolution: "floo-analytics@workspace:."
  dependencies:
    terser: "npm:^5.29.2"
  languageName: unknown
  linkType: soft

"source-map-support@npm:~0.5.20":
  version: 0.5.21
  resolution: "source-map-support@npm:0.5.21"
  dependencies:
    buffer-from: "npm:^1.0.0"
    source-map: "npm:^0.6.0"
  checksum: 10c0/9ee09942f415e0f721d6daad3917ec1516af746a8120bba7bb56278707a37f1eb8642bde456e98454b8a885023af81a16e646869975f06afc1a711fb90484e7d
  languageName: node
  linkType: hard

"source-map@npm:^0.6.0":
  version: 0.6.1
  resolution: "source-map@npm:0.6.1"
  checksum: 10c0/ab55398007c5e5532957cb0beee2368529618ac0ab372d789806f5718123cc4367d57de3904b4e6a4170eb5a0b0f41373066d02ca0735a0c4d75c7d328d3e011
  languageName: node
  linkType: hard

"terser@npm:^5.29.2":
  version: 5.46.1
  resolution: "terser@npm:5.46.1"
  dependencies:
    "@jridgewell/source-map": "npm:^0.3.3"
    acorn: "npm:^8.15.0"
    commander: "npm:^2.20.0"
    source-map-support: "npm:~0.5.20"
  bin:
    terser: bin/terser
  checksum: 10c0/45ba6566af976c518ff4e140250348d606761af822e23ea28d95b30fcf60fb69d3fabd93c6fafa4085d9fe31b67207e58b8480a64370b6cca07066c434101602
  languageName: node
  linkType: hard
